
Microsoft Visual Studio Solution File, Format Version 12.00
# Visual Studio Version 16
VisualStudioVersion = 16.0.33423.256
MinimumVisualStudioVersion = 10.0.40219.1
Project("{8BC9CEB8-8B4A-11D0-8D11-00A0C91BC942}") = "SP_lab3_32", "SP_lab3_32.vcxproj", "{75167FA9-2906-4700-99B9-403FB5B218E1}"
EndProject
Global
	GlobalSection(SolutionConfigurationPlatforms) = preSolution
		Debug|x64 = Debug|x64
		Debug|x86 = Debug|x86
		Release|x64 = Release|x64
		Release|x86 = Release|x86
	EndGlobalSection
	GlobalSection(ProjectConfigurationPlatforms) = postSolution
		{75167FA9-2906-4700-99B9-403FB5B218E1}.Debug|x64.ActiveCfg = Debug|x64
		{75167FA9-2906-4700-99B9-403FB5B218E1}.Debug|x64.Build.0 = Debug|x64
		{75167FA9-2906-4700-99B9-403FB5B218E1}.Debug|x86.ActiveCfg = Debug|Win32
		{75167FA9-2906-4700-99B9-403FB5B218E1}.Debug|x86.Build.0 = Debug|Win32
		{75167FA9-2906-4700-99B9-403FB5B218E1}.Release|x64.ActiveCfg = Release|x64
		{75167FA9-2906-4700-99B9-403FB5B218E1}.Release|x64.Build.0 = Release|x64
		{75167FA9-2906-4700-99B9-403FB5B218E1}.Release|x86.ActiveCfg = Release|Win32
		{75167FA9-2906-4700-99B9-403FB5B218E1}.Release|x86.Build.0 = Release|Win32
	EndGlobalSection
	GlobalSection(SolutionProperties) = preSolution
		HideSolutionNode = FALSE
	EndGlobalSection
	GlobalSection(ExtensibilityGlobals) = postSolution
		SolutionGuid = {A8C488B7-724B-4BA4-A5D2-1ADFD6FD8F91}
	EndGlobalSection
EndGlobal
